# THIS IS AN AUTOGENERATED FILE. DO NOT EDIT THIS FILE DIRECTLY.
# yarn lockfile v1


"@nucypher/umbral-pre@^0.5.1":
  version "0.5.1"
  resolved "https://registry.yarnpkg.com/@nucypher/umbral-pre/-/umbral-pre-0.5.1.tgz#2b77bcd6939f787fcb9c8995a5215e640f67d052"
  integrity sha512-fiIyuo7ClZLOr4aT0FPmrD2Ro8OOox0Qai+7USk44r9SG+shv0zri9lTbnfgzYR2Lkf9UC31EAnRuQBnpa8Zag==

"@types/node@^17.0.14":
  version "17.0.16"
  resolved "https://registry.yarnpkg.com/@types/node/-/node-17.0.16.tgz#e3733f46797b9df9e853ca9f719c8a6f7b84cd26"
  integrity sha512-ydLaGVfQOQ6hI1xK2A5nVh8bl0OGoIfYMxPWHqqYe9bTkWCfqiVvZoh2I/QF2sNSkZzZyROBoTefIEI+PB6iIA==
