# THIS IS AN AUTOGENERATED FILE. DO NOT EDIT THIS FILE DIRECTLY.
# yarn lockfile v1


"@types/node@^17.0.14":
  version "17.0.14"
  resolved "https://registry.yarnpkg.com/@types/node/-/node-17.0.14.tgz#33b9b94f789a8fedd30a68efdbca4dbb06b61f20"
  integrity sha512-SbjLmERksKOGzWzPNuW7fJM7fk3YXVTFiZWB/Hs99gwhk+/dnrQRPBQjPW9aO+fi1tAffi9PrwFvsmOKmDTyng==

umbral-pre@^0.3.2:
  version "0.3.3"
  resolved "https://registry.yarnpkg.com/umbral-pre/-/umbral-pre-0.3.3.tgz#00d4115d5d21f939bcb750762d7f251974f8fa52"
  integrity sha512-i/6SlfGuLGJW6V8xyx8Eto6Ka7QEmg02o/vkOMUtJWFlR5P4Wbsg623LAbjHcrogc1erwAxKZQCeejyFdKh1lQ==
